
Microsoft Visual Studio Solution File, Format Version 12.00
# Visual Studio 15
VisualStudioVersion = 15.0.28307.102
MinimumVisualStudioVersion = 10.0.40219.1
Project("{9A19103F-16F7-4668-BE54-9A1E7A4F7556}") = "AssetsTools", "AssetsTools\AssetsTools.csproj", "{7C861AA2-404B-46FD-A4CE-6E494BBBFB00}"
EndProject
Project("{FAE04EC0-301F-11D3-BF4B-00C04F79EFBC}") = "AssetsToolsRunner", "AssetsToolsRunner\AssetsToolsRunner.csproj", "{0349E384-0287-4F5A-AFAD-53C0458B0F73}"
EndProject
Project("{FAE04EC0-301F-11D3-BF4B-00C04F79EFBC}") = "IOLibTest", "IOLibTest\IOLibTest.csproj", "{49F71EC0-3381-41E0-A369-6BB0F4A0C9EF}"
EndProject
Global
	GlobalSection(SolutionConfigurationPlatforms) = preSolution
		Debug|Any CPU = Debug|Any CPU
		Release|Any CPU = Release|Any CPU
	EndGlobalSection
	GlobalSection(ProjectConfigurationPlatforms) = postSolution
		{7C861AA2-404B-46FD-A4CE-6E494BBBFB00}.Debug|Any CPU.ActiveCfg = Debug|Any CPU
		{7C861AA2-404B-46FD-A4CE-6E494BBBFB00}.Debug|Any CPU.Build.0 = Debug|Any CPU
		{7C861AA2-404B-46FD-A4CE-6E494BBBFB00}.Release|Any CPU.ActiveCfg = Release|Any CPU
		{7C861AA2-404B-46FD-A4CE-6E494BBBFB00}.Release|Any CPU.Build.0 = Release|Any CPU
		{0349E384-0287-4F5A-AFAD-53C0458B0F73}.Debug|Any CPU.ActiveCfg = Debug|Any CPU
		{0349E384-0287-4F5A-AFAD-53C0458B0F73}.Debug|Any CPU.Build.0 = Debug|Any CPU
		{0349E384-0287-4F5A-AFAD-53C0458B0F73}.Release|Any CPU.ActiveCfg = Release|Any CPU
		{0349E384-0287-4F5A-AFAD-53C0458B0F73}.Release|Any CPU.Build.0 = Release|Any CPU
		{49F71EC0-3381-41E0-A369-6BB0F4A0C9EF}.Debug|Any CPU.ActiveCfg = Debug|Any CPU
		{49F71EC0-3381-41E0-A369-6BB0F4A0C9EF}.Debug|Any CPU.Build.0 = Debug|Any CPU
		{49F71EC0-3381-41E0-A369-6BB0F4A0C9EF}.Release|Any CPU.ActiveCfg = Release|Any CPU
		{49F71EC0-3381-41E0-A369-6BB0F4A0C9EF}.Release|Any CPU.Build.0 = Release|Any CPU
	EndGlobalSection
	GlobalSection(SolutionProperties) = preSolution
		HideSolutionNode = FALSE
	EndGlobalSection
	GlobalSection(ExtensibilityGlobals) = postSolution
		SolutionGuid = {C706E9C0-53C3-4D83-A8C9-9EF91C39B522}
	EndGlobalSection
EndGlobal
